
Microsoft Visual Studio Solution File, Format Version 12.00
# Visual Studio 15
VisualStudioVersion = 15.0.27004.2005
MinimumVisualStudioVersion = 10.0.40219.1
Project("{8BC9CEB8-8B4A-11D0-8D11-00A0C91BC942}") = "SPH", "thesis\thesis.vcxproj", "{A0625E12-96C8-4D96-868C-C05549FAC69A}"
EndProject
Project("{8BC9CEB8-8B4A-11D0-8D11-00A0C91BC942}") = "gridsearch-test", "gridsearch-test\gridsearch-test.vcxproj", "{6EFB0B6F-D9B2-4EB3-9C81-2EC5578398A0}"
EndProject
Project("{8BC9CEB8-8B4A-11D0-8D11-00A0C91BC942}") = "surface-from-vtp", "surface-from-vtp\surface-from-vtp.vcxproj", "{FD9F65FF-ABBF-46F4-AB13-2B1FF174B98C}"
EndProject
Global
	GlobalSection(SolutionConfigurationPlatforms) = preSolution
		Debug|x64 = Debug|x64
		Debug|x86 = Debug|x86
		Release|x64 = Release|x64
		Release|x86 = Release|x86
	EndGlobalSection
	GlobalSection(ProjectConfigurationPlatforms) = postSolution
		{A0625E12-96C8-4D96-868C-C05549FAC69A}.Debug|x64.ActiveCfg = Debug|x64
		{A0625E12-96C8-4D96-868C-C05549FAC69A}.Debug|x64.Build.0 = Debug|x64
		{A0625E12-96C8-4D96-868C-C05549FAC69A}.Debug|x86.ActiveCfg = Debug|Win32
		{A0625E12-96C8-4D96-868C-C05549FAC69A}.Debug|x86.Build.0 = Debug|Win32
		{A0625E12-96C8-4D96-868C-C05549FAC69A}.Release|x64.ActiveCfg = Release|x64
		{A0625E12-96C8-4D96-868C-C05549FAC69A}.Release|x64.Build.0 = Release|x64
		{A0625E12-96C8-4D96-868C-C05549FAC69A}.Release|x86.ActiveCfg = Release|Win32
		{A0625E12-96C8-4D96-868C-C05549FAC69A}.Release|x86.Build.0 = Release|Win32
		{6EFB0B6F-D9B2-4EB3-9C81-2EC5578398A0}.Debug|x64.ActiveCfg = Debug|x64
		{6EFB0B6F-D9B2-4EB3-9C81-2EC5578398A0}.Debug|x64.Build.0 = Debug|x64
		{6EFB0B6F-D9B2-4EB3-9C81-2EC5578398A0}.Debug|x86.ActiveCfg = Debug|Win32
		{6EFB0B6F-D9B2-4EB3-9C81-2EC5578398A0}.Debug|x86.Build.0 = Debug|Win32
		{6EFB0B6F-D9B2-4EB3-9C81-2EC5578398A0}.Release|x64.ActiveCfg = Release|x64
		{6EFB0B6F-D9B2-4EB3-9C81-2EC5578398A0}.Release|x64.Build.0 = Release|x64
		{6EFB0B6F-D9B2-4EB3-9C81-2EC5578398A0}.Release|x86.ActiveCfg = Release|Win32
		{6EFB0B6F-D9B2-4EB3-9C81-2EC5578398A0}.Release|x86.Build.0 = Release|Win32
		{FD9F65FF-ABBF-46F4-AB13-2B1FF174B98C}.Debug|x64.ActiveCfg = Debug|x64
		{FD9F65FF-ABBF-46F4-AB13-2B1FF174B98C}.Debug|x64.Build.0 = Debug|x64
		{FD9F65FF-ABBF-46F4-AB13-2B1FF174B98C}.Debug|x86.ActiveCfg = Debug|Win32
		{FD9F65FF-ABBF-46F4-AB13-2B1FF174B98C}.Debug|x86.Build.0 = Debug|Win32
		{FD9F65FF-ABBF-46F4-AB13-2B1FF174B98C}.Release|x64.ActiveCfg = Release|x64
		{FD9F65FF-ABBF-46F4-AB13-2B1FF174B98C}.Release|x64.Build.0 = Release|x64
		{FD9F65FF-ABBF-46F4-AB13-2B1FF174B98C}.Release|x86.ActiveCfg = Release|Win32
		{FD9F65FF-ABBF-46F4-AB13-2B1FF174B98C}.Release|x86.Build.0 = Release|Win32
	EndGlobalSection
	GlobalSection(SolutionProperties) = preSolution
		HideSolutionNode = FALSE
	EndGlobalSection
	GlobalSection(ExtensibilityGlobals) = postSolution
		SolutionGuid = {13A0ABE1-1375-48D6-A35A-6EF30950E51C}
	EndGlobalSection
EndGlobal
